
Microsoft Visual Studio Solution File, Format Version 12.00
# Visual Studio Version 18
VisualStudioVersion = 18.6.11806.211 stable
MinimumVisualStudioVersion = 10.0.40219.1
Project("{FAE04EC0-301F-11D3-BF4B-00C04F79EFBC}") = "EXPLORADORDEARCHIVOS_TERMINADO", "EXPLORADORDEARCHIVOS_TERMINADO\EXPLORADORDEARCHIVOS_TERMINADO.csproj", "{005034CE-E2CF-47A8-BB12-B2E7A31C2F4C}"
EndProject
Global
	GlobalSection(SolutionConfigurationPlatforms) = preSolution
		Debug|Any CPU = Debug|Any CPU
		Release|Any CPU = Release|Any CPU
	EndGlobalSection
	GlobalSection(ProjectConfigurationPlatforms) = postSolution
		{005034CE-E2CF-47A8-BB12-B2E7A31C2F4C}.Debug|Any CPU.ActiveCfg = Debug|Any CPU
		{005034CE-E2CF-47A8-BB12-B2E7A31C2F4C}.Debug|Any CPU.Build.0 = Debug|Any CPU
		{005034CE-E2CF-47A8-BB12-B2E7A31C2F4C}.Release|Any CPU.ActiveCfg = Release|Any CPU
		{005034CE-E2CF-47A8-BB12-B2E7A31C2F4C}.Release|Any CPU.Build.0 = Release|Any CPU
	EndGlobalSection
	GlobalSection(SolutionProperties) = preSolution
		HideSolutionNode = FALSE
	EndGlobalSection
	GlobalSection(ExtensibilityGlobals) = postSolution
		SolutionGuid = {DB4CC51E-51FB-4252-BBDE-F4D9C09D3E71}
	EndGlobalSection
EndGlobal
